
Microsoft Visual Studio Solution File, Format Version 12.00
# Visual Studio Version 17
VisualStudioVersion = 17.7.34024.191
MinimumVisualStudioVersion = 10.0.40219.1
Project("{FAE04EC0-301F-11D3-BF4B-00C04F79EFBC}") = "8.Simple_Calculator", "8.Simple_Calculator\8.Simple_Calculator.csproj", "{C77E9FD4-79BA-49E4-940C-577E65C38081}"
EndProject
Global
	GlobalSection(SolutionConfigurationPlatforms) = preSolution
		Debug|Any CPU = Debug|Any CPU
		Release|Any CPU = Release|Any CPU
	EndGlobalSection
	GlobalSection(ProjectConfigurationPlatforms) = postSolution
		{C77E9FD4-79BA-49E4-940C-577E65C38081}.Debug|Any CPU.ActiveCfg = Debug|Any CPU
		{C77E9FD4-79BA-49E4-940C-577E65C38081}.Debug|Any CPU.Build.0 = Debug|Any CPU
		{C77E9FD4-79BA-49E4-940C-577E65C38081}.Release|Any CPU.ActiveCfg = Release|Any CPU
		{C77E9FD4-79BA-49E4-940C-577E65C38081}.Release|Any CPU.Build.0 = Release|Any CPU
	EndGlobalSection
	GlobalSection(SolutionProperties) = preSolution
		HideSolutionNode = FALSE
	EndGlobalSection
	GlobalSection(ExtensibilityGlobals) = postSolution
		SolutionGuid = {CA7E0BA4-CE1E-4AD8-B713-BDC5C8A756AD}
	EndGlobalSection
EndGlobal
